{
  "name": "boats.js",
  "version": "2.2.0",
  "lockfileVersion": 1,
  "requires": true,
  "dependencies": {
    "wumpfetch": {
      "version": "0.2.0",
      "resolved": "https://registry.npmjs.org/wumpfetch/-/wumpfetch-0.2.0.tgz",
      "integrity": "sha512-PfsEQ+DJiicHnjkg0NQW0e927CSU1MZtgQRVQZKdD6r5o0wb/lXAVN6pDEZ2zVlcxQ9PoEhRHbGDx91tfcG5Ng=="
    }
  }
}
